
Microsoft Visual Studio Solution File, Format Version 12.00
# Visual Studio Version 16
VisualStudioVersion = 16.0.30711.63
MinimumVisualStudioVersion = 10.0.40219.1
Project("{FAE04EC0-301F-11D3-BF4B-00C04F79EFBC}") = "PianoGen", "PianoGen\PianoGen.csproj", "{1EA8C3FE-020D-48C2-8ECE-6DF456E8B64C}"
EndProject
Project("{FAE04EC0-301F-11D3-BF4B-00C04F79EFBC}") = "AI", "D:\Проекты\git\AINetFrame\AI\AI.csproj", "{165D777E-8A8E-450B-891A-9046913B6143}"
EndProject
Global
	GlobalSection(SolutionConfigurationPlatforms) = preSolution
		Debug|Any CPU = Debug|Any CPU
		Debug|x64 = Debug|x64
		Debug|x86 = Debug|x86
		Release|Any CPU = Release|Any CPU
		Release|x64 = Release|x64
		Release|x86 = Release|x86
	EndGlobalSection
	GlobalSection(ProjectConfigurationPlatforms) = postSolution
		{1EA8C3FE-020D-48C2-8ECE-6DF456E8B64C}.Debug|Any CPU.ActiveCfg = Debug|Any CPU
		{1EA8C3FE-020D-48C2-8ECE-6DF456E8B64C}.Debug|Any CPU.Build.0 = Debug|Any CPU
		{1EA8C3FE-020D-48C2-8ECE-6DF456E8B64C}.Debug|x64.ActiveCfg = Debug|Any CPU
		{1EA8C3FE-020D-48C2-8ECE-6DF456E8B64C}.Debug|x64.Build.0 = Debug|Any CPU
		{1EA8C3FE-020D-48C2-8ECE-6DF456E8B64C}.Debug|x86.ActiveCfg = Debug|Any CPU
		{1EA8C3FE-020D-48C2-8ECE-6DF456E8B64C}.Debug|x86.Build.0 = Debug|Any CPU
		{1EA8C3FE-020D-48C2-8ECE-6DF456E8B64C}.Release|Any CPU.ActiveCfg = Release|Any CPU
		{1EA8C3FE-020D-48C2-8ECE-6DF456E8B64C}.Release|Any CPU.Build.0 = Release|Any CPU
		{1EA8C3FE-020D-48C2-8ECE-6DF456E8B64C}.Release|x64.ActiveCfg = Release|Any CPU
		{1EA8C3FE-020D-48C2-8ECE-6DF456E8B64C}.Release|x64.Build.0 = Release|Any CPU
		{1EA8C3FE-020D-48C2-8ECE-6DF456E8B64C}.Release|x86.ActiveCfg = Release|Any CPU
		{1EA8C3FE-020D-48C2-8ECE-6DF456E8B64C}.Release|x86.Build.0 = Release|Any CPU
		{165D777E-8A8E-450B-891A-9046913B6143}.Debug|Any CPU.ActiveCfg = Debug|Any CPU
		{165D777E-8A8E-450B-891A-9046913B6143}.Debug|Any CPU.Build.0 = Debug|Any CPU
		{165D777E-8A8E-450B-891A-9046913B6143}.Debug|x64.ActiveCfg = Debug|x64
		{165D777E-8A8E-450B-891A-9046913B6143}.Debug|x64.Build.0 = Debug|x64
		{165D777E-8A8E-450B-891A-9046913B6143}.Debug|x86.ActiveCfg = Debug|x86
		{165D777E-8A8E-450B-891A-9046913B6143}.Debug|x86.Build.0 = Debug|x86
		{165D777E-8A8E-450B-891A-9046913B6143}.Release|Any CPU.ActiveCfg = Release|Any CPU
		{165D777E-8A8E-450B-891A-9046913B6143}.Release|Any CPU.Build.0 = Release|Any CPU
		{165D777E-8A8E-450B-891A-9046913B6143}.Release|x64.ActiveCfg = Release|x64
		{165D777E-8A8E-450B-891A-9046913B6143}.Release|x64.Build.0 = Release|x64
		{165D777E-8A8E-450B-891A-9046913B6143}.Release|x86.ActiveCfg = Release|x86
		{165D777E-8A8E-450B-891A-9046913B6143}.Release|x86.Build.0 = Release|x86
	EndGlobalSection
	GlobalSection(SolutionProperties) = preSolution
		HideSolutionNode = FALSE
	EndGlobalSection
	GlobalSection(ExtensibilityGlobals) = postSolution
		SolutionGuid = {5F010442-08C2-4BE7-9CC6-88C8FC82933C}
	EndGlobalSection
EndGlobal
